
Microsoft Visual Studio Solution File, Format Version 12.00
# Visual Studio 15
VisualStudioVersion = 15.0.27130.2024
MinimumVisualStudioVersion = 10.0.40219.1
Project("{F184B08F-C81C-45F6-A57F-5ABD9991F28F}") = "Homework_4", "Homework_4\Homework_4.vbproj", "{C6B50BE7-1A44-4938-985B-6FEACB1C0F62}"
EndProject
Global
	GlobalSection(SolutionConfigurationPlatforms) = preSolution
		Debug|Any CPU = Debug|Any CPU
		Release|Any CPU = Release|Any CPU
	EndGlobalSection
	GlobalSection(ProjectConfigurationPlatforms) = postSolution
		{C6B50BE7-1A44-4938-985B-6FEACB1C0F62}.Debug|Any CPU.ActiveCfg = Debug|Any CPU
		{C6B50BE7-1A44-4938-985B-6FEACB1C0F62}.Debug|Any CPU.Build.0 = Debug|Any CPU
		{C6B50BE7-1A44-4938-985B-6FEACB1C0F62}.Release|Any CPU.ActiveCfg = Release|Any CPU
		{C6B50BE7-1A44-4938-985B-6FEACB1C0F62}.Release|Any CPU.Build.0 = Release|Any CPU
	EndGlobalSection
	GlobalSection(SolutionProperties) = preSolution
		HideSolutionNode = FALSE
	EndGlobalSection
	GlobalSection(ExtensibilityGlobals) = postSolution
		SolutionGuid = {8EFA420B-7FCC-4DAA-B56A-FB5D74E9B8F9}
	EndGlobalSection
EndGlobal
